# This file is automatically @generated by Cargo.
# It is not intended for manual editing.
[[package]]
name = "arrange_it"
version = "0.1.0"

[[package]]
name = "arrange_it_test"
version = "0.1.0"
dependencies = [
 "arrange_it",
 "assert_no_alloc",
]

[[package]]
name = "assert_no_alloc"
version = "1.1.0"
source = "registry+https://github.com/rust-lang/crates.io-index"
checksum = "2798d8eed2385fe2570f8a0daf377d2ca54d662fa012c28dfbaabc05a80f957d"
