# This file is automatically @generated by Cargo.
# It is not intended for manual editing.
[[package]]
name = "assert_no_alloc"
version = "1.1.0"
source = "registry+https://github.com/rust-lang/crates.io-index"
checksum = "2798d8eed2385fe2570f8a0daf377d2ca54d662fa012c28dfbaabc05a80f957d"

[[package]]
name = "name_initials"
version = "0.1.0"

[[package]]
name = "name_initials_test"
version = "0.1.0"
dependencies = [
 "assert_no_alloc",
 "name_initials",
]
